
Microsoft Visual Studio Solution File, Format Version 12.00
# Visual Studio Version 16
VisualStudioVersion = 16.0.30523.141
MinimumVisualStudioVersion = 10.0.40219.1
Project("{8BC9CEB8-8B4A-11D0-8D11-00A0C91BC942}") = "DirectX12", "DirectX12\DirectX12.vcxproj", "{600F7F10-5F35-4B1C-91F4-56D0551CB400}"
EndProject
Project("{8BC9CEB8-8B4A-11D0-8D11-00A0C91BC942}") = "Raytracing", "Raytracing\Raytracing.vcxproj", "{A969070B-98B5-4E7A-83F0-73F39B2D10EB}"
EndProject
Global
	GlobalSection(SolutionConfigurationPlatforms) = preSolution
		Debug|x64 = Debug|x64
		Debug|x86 = Debug|x86
		Release|x64 = Release|x64
		Release|x86 = Release|x86
	EndGlobalSection
	GlobalSection(ProjectConfigurationPlatforms) = postSolution
		{600F7F10-5F35-4B1C-91F4-56D0551CB400}.Debug|x64.ActiveCfg = Debug|x64
		{600F7F10-5F35-4B1C-91F4-56D0551CB400}.Debug|x64.Build.0 = Debug|x64
		{600F7F10-5F35-4B1C-91F4-56D0551CB400}.Debug|x86.ActiveCfg = Debug|Win32
		{600F7F10-5F35-4B1C-91F4-56D0551CB400}.Debug|x86.Build.0 = Debug|Win32
		{600F7F10-5F35-4B1C-91F4-56D0551CB400}.Release|x64.ActiveCfg = Release|x64
		{600F7F10-5F35-4B1C-91F4-56D0551CB400}.Release|x64.Build.0 = Release|x64
		{600F7F10-5F35-4B1C-91F4-56D0551CB400}.Release|x86.ActiveCfg = Release|Win32
		{600F7F10-5F35-4B1C-91F4-56D0551CB400}.Release|x86.Build.0 = Release|Win32
		{A969070B-98B5-4E7A-83F0-73F39B2D10EB}.Debug|x64.ActiveCfg = Debug|x64
		{A969070B-98B5-4E7A-83F0-73F39B2D10EB}.Debug|x64.Build.0 = Debug|x64
		{A969070B-98B5-4E7A-83F0-73F39B2D10EB}.Debug|x86.ActiveCfg = Debug|Win32
		{A969070B-98B5-4E7A-83F0-73F39B2D10EB}.Debug|x86.Build.0 = Debug|Win32
		{A969070B-98B5-4E7A-83F0-73F39B2D10EB}.Release|x64.ActiveCfg = Release|x64
		{A969070B-98B5-4E7A-83F0-73F39B2D10EB}.Release|x64.Build.0 = Release|x64
		{A969070B-98B5-4E7A-83F0-73F39B2D10EB}.Release|x86.ActiveCfg = Release|Win32
		{A969070B-98B5-4E7A-83F0-73F39B2D10EB}.Release|x86.Build.0 = Release|Win32
	EndGlobalSection
	GlobalSection(SolutionProperties) = preSolution
		HideSolutionNode = FALSE
	EndGlobalSection
	GlobalSection(ExtensibilityGlobals) = postSolution
		SolutionGuid = {B4B3A049-B7A9-43F0-97A5-DCBA95FE2F3B}
	EndGlobalSection
EndGlobal
